
Microsoft Visual Studio Solution File, Format Version 12.00
# Visual Studio Version 17
VisualStudioVersion = 17.11.35303.130
MinimumVisualStudioVersion = 10.0.40219.1
Project("{FAE04EC0-301F-11D3-BF4B-00C04F79EFBC}") = "assignment5", "assignment5.csproj", "{C47EEAB8-444A-49D4-A589-EA276B6DE59F}"
EndProject
Global
	GlobalSection(SolutionConfigurationPlatforms) = preSolution
		Debug|Any CPU = Debug|Any CPU
		Release|Any CPU = Release|Any CPU
	EndGlobalSection
	GlobalSection(ProjectConfigurationPlatforms) = postSolution
		{C47EEAB8-444A-49D4-A589-EA276B6DE59F}.Debug|Any CPU.ActiveCfg = Debug|Any CPU
		{C47EEAB8-444A-49D4-A589-EA276B6DE59F}.Debug|Any CPU.Build.0 = Debug|Any CPU
		{C47EEAB8-444A-49D4-A589-EA276B6DE59F}.Release|Any CPU.ActiveCfg = Release|Any CPU
		{C47EEAB8-444A-49D4-A589-EA276B6DE59F}.Release|Any CPU.Build.0 = Release|Any CPU
	EndGlobalSection
	GlobalSection(SolutionProperties) = preSolution
		HideSolutionNode = FALSE
	EndGlobalSection
	GlobalSection(ExtensibilityGlobals) = postSolution
		SolutionGuid = {8524E662-ED09-4063-972A-5EC135D37396}
	EndGlobalSection
EndGlobal
