
Microsoft Visual Studio Solution File, Format Version 12.00
# Visual Studio Version 17
VisualStudioVersion = 17.11.35303.130
MinimumVisualStudioVersion = 10.0.40219.1
Project("{FAE04EC0-301F-11D3-BF4B-00C04F79EFBC}") = "assignment6", "assignment6.csproj", "{B29D3025-B2B6-46D1-A22A-C0C1D3FD2928}"
EndProject
Global
	GlobalSection(SolutionConfigurationPlatforms) = preSolution
		Debug|Any CPU = Debug|Any CPU
		Release|Any CPU = Release|Any CPU
	EndGlobalSection
	GlobalSection(ProjectConfigurationPlatforms) = postSolution
		{B29D3025-B2B6-46D1-A22A-C0C1D3FD2928}.Debug|Any CPU.ActiveCfg = Debug|Any CPU
		{B29D3025-B2B6-46D1-A22A-C0C1D3FD2928}.Debug|Any CPU.Build.0 = Debug|Any CPU
		{B29D3025-B2B6-46D1-A22A-C0C1D3FD2928}.Release|Any CPU.ActiveCfg = Release|Any CPU
		{B29D3025-B2B6-46D1-A22A-C0C1D3FD2928}.Release|Any CPU.Build.0 = Release|Any CPU
	EndGlobalSection
	GlobalSection(SolutionProperties) = preSolution
		HideSolutionNode = FALSE
	EndGlobalSection
	GlobalSection(ExtensibilityGlobals) = postSolution
		SolutionGuid = {3E51226F-8FD6-4EBB-985C-F181465E93AF}
	EndGlobalSection
EndGlobal
